// !$*UTF8*$!
{
	archiveVersion = 1;
	classes = {
	};
	objectVersion = 51;
	objects = {

/* Begin PBXBuildFile section */
		180032B8251EEC310015055B /* LMHShopCell.m in Sources */ = {isa = PBXBuildFile; fileRef = 180032AF251EEC310015055B /* LMHShopCell.m */; };
		180032B9251EEC310015055B /* shop.plist in Resources */ = {isa = PBXBuildFile; fileRef = 180032B0251EEC310015055B /* shop.plist */; };
		180032BA251EEC310015055B /* LMHShop.m in Sources */ = {isa = PBXBuildFile; fileRef = 180032B1251EEC310015055B /* LMHShop.m */; };
		180032BB251EEC310015055B /* LMHShopCell.xib in Resources */ = {isa = PBXBuildFile; fileRef = 180032B3251EEC310015055B /* LMHShopCell.xib */; };
		180032BC251EEC310015055B /* LMHWaterFallLayout.m in Sources */ = {isa = PBXBuildFile; fileRef = 180032B6251EEC310015055B /* LMHWaterFallLayout.m */; };
		180032BD251EEC310015055B /* LMHWaterFallController.m in Sources */ = {isa = PBXBuildFile; fileRef = 180032B7251EEC310015055B /* LMHWaterFallController.m */; };
		1816E3852562525B00C9C8CD /* LKTabbarButton.m in Sources */ = {isa = PBXBuildFile; fileRef = 1816E3842562525B00C9C8CD /* LKTabbarButton.m */; };
		1816E3882562527A00C9C8CD /* LKDirectionButtonViewController.m in Sources */ = {isa = PBXBuildFile; fileRef = 1816E3872562527A00C9C8CD /* LKDirectionButtonViewController.m */; };
		182C260524650E0300ED4EDE /* AppDelegate.m in Sources */ = {isa = PBXBuildFile; fileRef = 182C260424650E0300ED4EDE /* AppDelegate.m */; };
		182C260824650E0300ED4EDE /* SceneDelegate.m in Sources */ = {isa = PBXBuildFile; fileRef = 182C260724650E0300ED4EDE /* SceneDelegate.m */; };
		182C260E24650E0300ED4EDE /* Main.storyboard in Resources */ = {isa = PBXBuildFile; fileRef = 182C260C24650E0300ED4EDE /* Main.storyboard */; };
		182C261024650E0400ED4EDE /* Assets.xcassets in Resources */ = {isa = PBXBuildFile; fileRef = 182C260F24650E0400ED4EDE /* Assets.xcassets */; };
		182C261324650E0400ED4EDE /* LaunchScreen.storyboard in Resources */ = {isa = PBXBuildFile; fileRef = 182C261124650E0400ED4EDE /* LaunchScreen.storyboard */; };
		182C261624650E0400ED4EDE /* main.m in Sources */ = {isa = PBXBuildFile; fileRef = 182C261524650E0400ED4EDE /* main.m */; };
		182C262024650E0400ED4EDE /* LXMPageVIewTests.m in Sources */ = {isa = PBXBuildFile; fileRef = 182C261F24650E0400ED4EDE /* LXMPageVIewTests.m */; };
		182C262B24650E0400ED4EDE /* LXMPageVIewUITests.m in Sources */ = {isa = PBXBuildFile; fileRef = 182C262A24650E0400ED4EDE /* LXMPageVIewUITests.m */; };
		182C26562466AFF600ED4EDE /* img2.jpg in Resources */ = {isa = PBXBuildFile; fileRef = 182C26542466AFF600ED4EDE /* img2.jpg */; };
		182C26572466AFF600ED4EDE /* img1.jpg in Resources */ = {isa = PBXBuildFile; fileRef = 182C26552466AFF600ED4EDE /* img1.jpg */; };
		182C266F246BBFFF00ED4EDE /* SDCycleScrollView.m in Sources */ = {isa = PBXBuildFile; fileRef = 182C2663246BBFFF00ED4EDE /* SDCycleScrollView.m */; };
		182C2670246BBFFF00ED4EDE /* UIView+SDExtension.m in Sources */ = {isa = PBXBuildFile; fileRef = 182C2664246BBFFF00ED4EDE /* UIView+SDExtension.m */; };
		182C2671246BBFFF00ED4EDE /* SDCollectionViewCell.m in Sources */ = {isa = PBXBuildFile; fileRef = 182C2665246BBFFF00ED4EDE /* SDCollectionViewCell.m */; };
		182C2672246BBFFF00ED4EDE /* TADotView.m in Sources */ = {isa = PBXBuildFile; fileRef = 182C2668246BBFFF00ED4EDE /* TADotView.m */; };
		182C2673246BBFFF00ED4EDE /* TAPageControl.m in Sources */ = {isa = PBXBuildFile; fileRef = 182C2669246BBFFF00ED4EDE /* TAPageControl.m */; };
		182C2674246BBFFF00ED4EDE /* TAAnimatedDotView.m in Sources */ = {isa = PBXBuildFile; fileRef = 182C266A246BBFFF00ED4EDE /* TAAnimatedDotView.m */; };
		182C2675246BBFFF00ED4EDE /* TAAbstractDotView.m in Sources */ = {isa = PBXBuildFile; fileRef = 182C266B246BBFFF00ED4EDE /* TAAbstractDotView.m */; };
		182C267E246CDEBB00ED4EDE /* LXMBannerCollectionViewCell.m in Sources */ = {isa = PBXBuildFile; fileRef = 182C267B246CDEBA00ED4EDE /* LXMBannerCollectionViewCell.m */; };
		182C267F246CDEBB00ED4EDE /* LXMBannerView.m in Sources */ = {isa = PBXBuildFile; fileRef = 182C267D246CDEBA00ED4EDE /* LXMBannerView.m */; };
		182C2683247683AF00ED4EDE /* UIView+Radius.m in Sources */ = {isa = PBXBuildFile; fileRef = 182C2682247683AF00ED4EDE /* UIView+Radius.m */; };
		182C26872476891900ED4EDE /* UIImage+FEBoxBlur.m in Sources */ = {isa = PBXBuildFile; fileRef = 182C26862476891900ED4EDE /* UIImage+FEBoxBlur.m */; };
		18A13C14251B509E001A5751 /* LXMArrowView.m in Sources */ = {isa = PBXBuildFile; fileRef = 18A13C13251B509E001A5751 /* LXMArrowView.m */; };
		18C6B2BD251C79950003E3D4 /* TRViewController.m in Sources */ = {isa = PBXBuildFile; fileRef = 18C6B2BC251C79950003E3D4 /* TRViewController.m */; };
		18C6B2C0251C7AC70003E3D4 /* LXMArrowViewController.m in Sources */ = {isa = PBXBuildFile; fileRef = 18C6B2BF251C7AC70003E3D4 /* LXMArrowViewController.m */; };
		18C6B2C3251C7AEC0003E3D4 /* LXMVoiceViewController.m in Sources */ = {isa = PBXBuildFile; fileRef = 18C6B2C2251C7AEC0003E3D4 /* LXMVoiceViewController.m */; };
		18C6B2D7251C7C020003E3D4 /* LXMPageView.m in Sources */ = {isa = PBXBuildFile; fileRef = 18C6B2C6251C7C020003E3D4 /* LXMPageView.m */; };
		18C6B2D8251C7C020003E3D4 /* LXMPageViewController.m in Sources */ = {isa = PBXBuildFile; fileRef = 18C6B2C8251C7C020003E3D4 /* LXMPageViewController.m */; };
		18C6B2D9251C7C020003E3D4 /* LXMNestView.m in Sources */ = {isa = PBXBuildFile; fileRef = 18C6B2CA251C7C020003E3D4 /* LXMNestView.m */; };
		18C6B2DA251C7C020003E3D4 /* UIScrollView+ScrollAble.m in Sources */ = {isa = PBXBuildFile; fileRef = 18C6B2CC251C7C020003E3D4 /* UIScrollView+ScrollAble.m */; };
		18C6B2DB251C7C020003E3D4 /* LXMNestTableView.m in Sources */ = {isa = PBXBuildFile; fileRef = 18C6B2CF251C7C020003E3D4 /* LXMNestTableView.m */; };
		18C6B2DC251C7C020003E3D4 /* LXMSegmentView.m in Sources */ = {isa = PBXBuildFile; fileRef = 18C6B2D3251C7C020003E3D4 /* LXMSegmentView.m */; };
		18C6B2DD251C7C020003E3D4 /* LXMCustomNavigationBar.m in Sources */ = {isa = PBXBuildFile; fileRef = 18C6B2D6251C7C020003E3D4 /* LXMCustomNavigationBar.m */; };
		18C6C81324CFB0630040DCA1 /* LXMVoiceView.m in Sources */ = {isa = PBXBuildFile; fileRef = 18C6C81224CFB0630040DCA1 /* LXMVoiceView.m */; };
		930C273055F6521CFF58398B /* libPods-LXMPageVIew.a in Frameworks */ = {isa = PBXBuildFile; fileRef = 0ECD3A9A183C62D01CF2C472 /* libPods-LXMPageVIew.a */; };
/* End PBXBuildFile section */

/* Begin PBXContainerItemProxy section */
		182C261C24650E0400ED4EDE /* PBXContainerItemProxy */ = {
			isa = PBXContainerItemProxy;
			containerPortal = 182C25F824650E0300ED4EDE /* Project object */;
			proxyType = 1;
			remoteGlobalIDString = 182C25FF24650E0300ED4EDE;
			remoteInfo = LXMPageVIew;
		};
		182C262724650E0400ED4EDE /* PBXContainerItemProxy */ = {
			isa = PBXContainerItemProxy;
			containerPortal = 182C25F824650E0300ED4EDE /* Project object */;
			proxyType = 1;
			remoteGlobalIDString = 182C25FF24650E0300ED4EDE;
			remoteInfo = LXMPageVIew;
		};
/* End PBXContainerItemProxy section */

/* Begin PBXFileReference section */
		0ECD3A9A183C62D01CF2C472 /* libPods-LXMPageVIew.a */ = {isa = PBXFileReference; explicitFileType = archive.ar; includeInIndex = 0; path = "libPods-LXMPageVIew.a"; sourceTree = BUILT_PRODUCTS_DIR; };
		180032AC251EEC310015055B /* LMHWaterFallController.h */ = {isa = PBXFileReference; fileEncoding = 4; lastKnownFileType = sourcecode.c.h; path = LMHWaterFallController.h; sourceTree = "<group>"; };
		180032AE251EEC310015055B /* LMHShop.h */ = {isa = PBXFileReference; fileEncoding = 4; lastKnownFileType = sourcecode.c.h; path = LMHShop.h; sourceTree = "<group>"; };
		180032AF251EEC310015055B /* LMHShopCell.m */ = {isa = PBXFileReference; fileEncoding = 4; lastKnownFileType = sourcecode.c.objc; path = LMHShopCell.m; sourceTree = "<group>"; };
		180032B0251EEC310015055B /* shop.plist */ = {isa = PBXFileReference; fileEncoding = 4; lastKnownFileType = text.plist.xml; path = shop.plist; sourceTree = "<group>"; };
		180032B1251EEC310015055B /* LMHShop.m */ = {isa = PBXFileReference; fileEncoding = 4; lastKnownFileType = sourcecode.c.objc; path = LMHShop.m; sourceTree = "<group>"; };
		180032B2251EEC310015055B /* LMHShopCell.h */ = {isa = PBXFileReference; fileEncoding = 4; lastKnownFileType = sourcecode.c.h; path = LMHShopCell.h; sourceTree = "<group>"; };
		180032B3251EEC310015055B /* LMHShopCell.xib */ = {isa = PBXFileReference; fileEncoding = 4; lastKnownFileType = file.xib; path = LMHShopCell.xib; sourceTree = "<group>"; };
		180032B5251EEC310015055B /* LMHWaterFallLayout.h */ = {isa = PBXFileReference; fileEncoding = 4; lastKnownFileType = sourcecode.c.h; path = LMHWaterFallLayout.h; sourceTree = "<group>"; };
		180032B6251EEC310015055B /* LMHWaterFallLayout.m */ = {isa = PBXFileReference; fileEncoding = 4; lastKnownFileType = sourcecode.c.objc; path = LMHWaterFallLayout.m; sourceTree = "<group>"; };
		180032B7251EEC310015055B /* LMHWaterFallController.m */ = {isa = PBXFileReference; fileEncoding = 4; lastKnownFileType = sourcecode.c.objc; path = LMHWaterFallController.m; sourceTree = "<group>"; };
		1816E3832562525B00C9C8CD /* LKTabbarButton.h */ = {isa = PBXFileReference; fileEncoding = 4; lastKnownFileType = sourcecode.c.h; path = LKTabbarButton.h; sourceTree = "<group>"; };
		1816E3842562525B00C9C8CD /* LKTabbarButton.m */ = {isa = PBXFileReference; fileEncoding = 4; lastKnownFileType = sourcecode.c.objc; path = LKTabbarButton.m; sourceTree = "<group>"; };
		1816E3862562527A00C9C8CD /* LKDirectionButtonViewController.h */ = {isa = PBXFileReference; lastKnownFileType = sourcecode.c.h; path = LKDirectionButtonViewController.h; sourceTree = "<group>"; };
		1816E3872562527A00C9C8CD /* LKDirectionButtonViewController.m */ = {isa = PBXFileReference; lastKnownFileType = sourcecode.c.objc; path = LKDirectionButtonViewController.m; sourceTree = "<group>"; };
		182C260024650E0300ED4EDE /* LXMPageVIew.app */ = {isa = PBXFileReference; explicitFileType = wrapper.application; includeInIndex = 0; path = LXMPageVIew.app; sourceTree = BUILT_PRODUCTS_DIR; };
		182C260324650E0300ED4EDE /* AppDelegate.h */ = {isa = PBXFileReference; lastKnownFileType = sourcecode.c.h; path = AppDelegate.h; sourceTree = "<group>"; };
		182C260424650E0300ED4EDE /* AppDelegate.m */ = {isa = PBXFileReference; lastKnownFileType = sourcecode.c.objc; path = AppDelegate.m; sourceTree = "<group>"; };
		182C260624650E0300ED4EDE /* SceneDelegate.h */ = {isa = PBXFileReference; lastKnownFileType = sourcecode.c.h; path = SceneDelegate.h; sourceTree = "<group>"; };
		182C260724650E0300ED4EDE /* SceneDelegate.m */ = {isa = PBXFileReference; lastKnownFileType = sourcecode.c.objc; path = SceneDelegate.m; sourceTree = "<group>"; };
		182C260D24650E0300ED4EDE /* Base */ = {isa = PBXFileReference; lastKnownFileType = file.storyboard; name = Base; path = Base.lproj/Main.storyboard; sourceTree = "<group>"; };
		182C260F24650E0400ED4EDE /* Assets.xcassets */ = {isa = PBXFileReference; lastKnownFileType = folder.assetcatalog; path = Assets.xcassets; sourceTree = "<group>"; };
		182C261224650E0400ED4EDE /* Base */ = {isa = PBXFileReference; lastKnownFileType = file.storyboard; name = Base; path = Base.lproj/LaunchScreen.storyboard; sourceTree = "<group>"; };
		182C261424650E0400ED4EDE /* Info.plist */ = {isa = PBXFileReference; lastKnownFileType = text.plist.xml; path = Info.plist; sourceTree = "<group>"; };
		182C261524650E0400ED4EDE /* main.m */ = {isa = PBXFileReference; lastKnownFileType = sourcecode.c.objc; path = main.m; sourceTree = "<group>"; };
		182C261B24650E0400ED4EDE /* LXMPageVIewTests.xctest */ = {isa = PBXFileReference; explicitFileType = wrapper.cfbundle; includeInIndex = 0; path = LXMPageVIewTests.xctest; sourceTree = BUILT_PRODUCTS_DIR; };
		182C261F24650E0400ED4EDE /* LXMPageVIewTests.m */ = {isa = PBXFileReference; lastKnownFileType = sourcecode.c.objc; path = LXMPageVIewTests.m; sourceTree = "<group>"; };
		182C262124650E0400ED4EDE /* Info.plist */ = {isa = PBXFileReference; lastKnownFileType = text.plist.xml; path = Info.plist; sourceTree = "<group>"; };
		182C262624650E0400ED4EDE /* LXMPageVIewUITests.xctest */ = {isa = PBXFileReference; explicitFileType = wrapper.cfbundle; includeInIndex = 0; path = LXMPageVIewUITests.xctest; sourceTree = BUILT_PRODUCTS_DIR; };
		182C262A24650E0400ED4EDE /* LXMPageVIewUITests.m */ = {isa = PBXFileReference; lastKnownFileType = sourcecode.c.objc; path = LXMPageVIewUITests.m; sourceTree = "<group>"; };
		182C262C24650E0400ED4EDE /* Info.plist */ = {isa = PBXFileReference; lastKnownFileType = text.plist.xml; path = Info.plist; sourceTree = "<group>"; };
		182C263C2465277600ED4EDE /* LXM-PrefixHeader.pch */ = {isa = PBXFileReference; lastKnownFileType = sourcecode.c.h; path = "LXM-PrefixHeader.pch"; sourceTree = "<group>"; };
		182C26542466AFF600ED4EDE /* img2.jpg */ = {isa = PBXFileReference; lastKnownFileType = image.jpeg; path = img2.jpg; sourceTree = "<group>"; };
		182C26552466AFF600ED4EDE /* img1.jpg */ = {isa = PBXFileReference; lastKnownFileType = image.jpeg; path = img1.jpg; sourceTree = "<group>"; };
		182C2660246BBFFF00ED4EDE /* UIView+SDExtension.h */ = {isa = PBXFileReference; fileEncoding = 4; lastKnownFileType = sourcecode.c.h; path = "UIView+SDExtension.h"; sourceTree = "<group>"; };
		182C2661246BBFFF00ED4EDE /* SDCycleScrollView.h */ = {isa = PBXFileReference; fileEncoding = 4; lastKnownFileType = sourcecode.c.h; path = SDCycleScrollView.h; sourceTree = "<group>"; };
		182C2662246BBFFF00ED4EDE /* SDCollectionViewCell.h */ = {isa = PBXFileReference; fileEncoding = 4; lastKnownFileType = sourcecode.c.h; path = SDCollectionViewCell.h; sourceTree = "<group>"; };
		182C2663246BBFFF00ED4EDE /* SDCycleScrollView.m */ = {isa = PBXFileReference; fileEncoding = 4; lastKnownFileType = sourcecode.c.objc; path = SDCycleScrollView.m; sourceTree = "<group>"; };
		182C2664246BBFFF00ED4EDE /* UIView+SDExtension.m */ = {isa = PBXFileReference; fileEncoding = 4; lastKnownFileType = sourcecode.c.objc; path = "UIView+SDExtension.m"; sourceTree = "<group>"; };
		182C2665246BBFFF00ED4EDE /* SDCollectionViewCell.m */ = {isa = PBXFileReference; fileEncoding = 4; lastKnownFileType = sourcecode.c.objc; path = SDCollectionViewCell.m; sourceTree = "<group>"; };
		182C2667246BBFFF00ED4EDE /* TAAbstractDotView.h */ = {isa = PBXFileReference; fileEncoding = 4; lastKnownFileType = sourcecode.c.h; path = TAAbstractDotView.h; sourceTree = "<group>"; };
		182C2668246BBFFF00ED4EDE /* TADotView.m */ = {isa = PBXFileReference; fileEncoding = 4; lastKnownFileType = sourcecode.c.objc; path = TADotView.m; sourceTree = "<group>"; };
		182C2669246BBFFF00ED4EDE /* TAPageControl.m */ = {isa = PBXFileReference; fileEncoding = 4; lastKnownFileType = sourcecode.c.objc; path = TAPageControl.m; sourceTree = "<group>"; };
		182C266A246BBFFF00ED4EDE /* TAAnimatedDotView.m */ = {isa = PBXFileReference; fileEncoding = 4; lastKnownFileType = sourcecode.c.objc; path = TAAnimatedDotView.m; sourceTree = "<group>"; };
		182C266B246BBFFF00ED4EDE /* TAAbstractDotView.m */ = {isa = PBXFileReference; fileEncoding = 4; lastKnownFileType = sourcecode.c.objc; path = TAAbstractDotView.m; sourceTree = "<group>"; };
		182C266C246BBFFF00ED4EDE /* TADotView.h */ = {isa = PBXFileReference; fileEncoding = 4; lastKnownFileType = sourcecode.c.h; path = TADotView.h; sourceTree = "<group>"; };
		182C266D246BBFFF00ED4EDE /* TAAnimatedDotView.h */ = {isa = PBXFileReference; fileEncoding = 4; lastKnownFileType = sourcecode.c.h; path = TAAnimatedDotView.h; sourceTree = "<group>"; };
		182C266E246BBFFF00ED4EDE /* TAPageControl.h */ = {isa = PBXFileReference; fileEncoding = 4; lastKnownFileType = sourcecode.c.h; path = TAPageControl.h; sourceTree = "<group>"; };
		182C267A246CDEBA00ED4EDE /* LXMBannerView.h */ = {isa = PBXFileReference; fileEncoding = 4; lastKnownFileType = sourcecode.c.h; path = LXMBannerView.h; sourceTree = "<group>"; };
		182C267B246CDEBA00ED4EDE /* LXMBannerCollectionViewCell.m */ = {isa = PBXFileReference; fileEncoding = 4; lastKnownFileType = sourcecode.c.objc; path = LXMBannerCollectionViewCell.m; sourceTree = "<group>"; };
		182C267C246CDEBA00ED4EDE /* LXMBannerCollectionViewCell.h */ = {isa = PBXFileReference; fileEncoding = 4; lastKnownFileType = sourcecode.c.h; path = LXMBannerCollectionViewCell.h; sourceTree = "<group>"; };
		182C267D246CDEBA00ED4EDE /* LXMBannerView.m */ = {isa = PBXFileReference; fileEncoding = 4; lastKnownFileType = sourcecode.c.objc; path = LXMBannerView.m; sourceTree = "<group>"; };
		182C2681247683AF00ED4EDE /* UIView+Radius.h */ = {isa = PBXFileReference; lastKnownFileType = sourcecode.c.h; path = "UIView+Radius.h"; sourceTree = "<group>"; };
		182C2682247683AF00ED4EDE /* UIView+Radius.m */ = {isa = PBXFileReference; lastKnownFileType = sourcecode.c.objc; path = "UIView+Radius.m"; sourceTree = "<group>"; };
		182C26852476891900ED4EDE /* UIImage+FEBoxBlur.h */ = {isa = PBXFileReference; fileEncoding = 4; lastKnownFileType = sourcecode.c.h; path = "UIImage+FEBoxBlur.h"; sourceTree = "<group>"; };
		182C26862476891900ED4EDE /* UIImage+FEBoxBlur.m */ = {isa = PBXFileReference; fileEncoding = 4; lastKnownFileType = sourcecode.c.objc; path = "UIImage+FEBoxBlur.m"; sourceTree = "<group>"; };
		18A13C12251B509E001A5751 /* LXMArrowView.h */ = {isa = PBXFileReference; lastKnownFileType = sourcecode.c.h; path = LXMArrowView.h; sourceTree = "<group>"; };
		18A13C13251B509E001A5751 /* LXMArrowView.m */ = {isa = PBXFileReference; lastKnownFileType = sourcecode.c.objc; path = LXMArrowView.m; sourceTree = "<group>"; };
		18C6B2BB251C79950003E3D4 /* TRViewController.h */ = {isa = PBXFileReference; lastKnownFileType = sourcecode.c.h; path = TRViewController.h; sourceTree = "<group>"; };
		18C6B2BC251C79950003E3D4 /* TRViewController.m */ = {isa = PBXFileReference; lastKnownFileType = sourcecode.c.objc; path = TRViewController.m; sourceTree = "<group>"; };
		18C6B2BE251C7AC70003E3D4 /* LXMArrowViewController.h */ = {isa = PBXFileReference; lastKnownFileType = sourcecode.c.h; path = LXMArrowViewController.h; sourceTree = "<group>"; };
		18C6B2BF251C7AC70003E3D4 /* LXMArrowViewController.m */ = {isa = PBXFileReference; lastKnownFileType = sourcecode.c.objc; path = LXMArrowViewController.m; sourceTree = "<group>"; };
		18C6B2C1251C7AEC0003E3D4 /* LXMVoiceViewController.h */ = {isa = PBXFileReference; lastKnownFileType = sourcecode.c.h; path = LXMVoiceViewController.h; sourceTree = "<group>"; };
		18C6B2C2251C7AEC0003E3D4 /* LXMVoiceViewController.m */ = {isa = PBXFileReference; lastKnownFileType = sourcecode.c.objc; path = LXMVoiceViewController.m; sourceTree = "<group>"; };
		18C6B2C6251C7C020003E3D4 /* LXMPageView.m */ = {isa = PBXFileReference; fileEncoding = 4; lastKnownFileType = sourcecode.c.objc; path = LXMPageView.m; sourceTree = "<group>"; };
		18C6B2C7251C7C020003E3D4 /* LXMPageView.h */ = {isa = PBXFileReference; fileEncoding = 4; lastKnownFileType = sourcecode.c.h; path = LXMPageView.h; sourceTree = "<group>"; };
		18C6B2C8251C7C020003E3D4 /* LXMPageViewController.m */ = {isa = PBXFileReference; fileEncoding = 4; lastKnownFileType = sourcecode.c.objc; path = LXMPageViewController.m; sourceTree = "<group>"; };
		18C6B2CA251C7C020003E3D4 /* LXMNestView.m */ = {isa = PBXFileReference; fileEncoding = 4; lastKnownFileType = sourcecode.c.objc; path = LXMNestView.m; sourceTree = "<group>"; };
		18C6B2CB251C7C020003E3D4 /* LXMNestTableView.h */ = {isa = PBXFileReference; fileEncoding = 4; lastKnownFileType = sourcecode.c.h; path = LXMNestTableView.h; sourceTree = "<group>"; };
		18C6B2CC251C7C020003E3D4 /* UIScrollView+ScrollAble.m */ = {isa = PBXFileReference; fileEncoding = 4; lastKnownFileType = sourcecode.c.objc; path = "UIScrollView+ScrollAble.m"; sourceTree = "<group>"; };
		18C6B2CD251C7C020003E3D4 /* LXMNestView.h */ = {isa = PBXFileReference; fileEncoding = 4; lastKnownFileType = sourcecode.c.h; path = LXMNestView.h; sourceTree = "<group>"; };
		18C6B2CE251C7C020003E3D4 /* UIScrollView+ScrollAble.h */ = {isa = PBXFileReference; fileEncoding = 4; lastKnownFileType = sourcecode.c.h; path = "UIScrollView+ScrollAble.h"; sourceTree = "<group>"; };
		18C6B2CF251C7C020003E3D4 /* LXMNestTableView.m */ = {isa = PBXFileReference; fileEncoding = 4; lastKnownFileType = sourcecode.c.objc; path = LXMNestTableView.m; sourceTree = "<group>"; };
		18C6B2D0251C7C020003E3D4 /* LXMPageViewController.h */ = {isa = PBXFileReference; fileEncoding = 4; lastKnownFileType = sourcecode.c.h; path = LXMPageViewController.h; sourceTree = "<group>"; };
		18C6B2D2251C7C020003E3D4 /* LXMSegmentView.h */ = {isa = PBXFileReference; fileEncoding = 4; lastKnownFileType = sourcecode.c.h; path = LXMSegmentView.h; sourceTree = "<group>"; };
		18C6B2D3251C7C020003E3D4 /* LXMSegmentView.m */ = {isa = PBXFileReference; fileEncoding = 4; lastKnownFileType = sourcecode.c.objc; path = LXMSegmentView.m; sourceTree = "<group>"; };
		18C6B2D5251C7C020003E3D4 /* LXMCustomNavigationBar.h */ = {isa = PBXFileReference; fileEncoding = 4; lastKnownFileType = sourcecode.c.h; path = LXMCustomNavigationBar.h; sourceTree = "<group>"; };
		18C6B2D6251C7C020003E3D4 /* LXMCustomNavigationBar.m */ = {isa = PBXFileReference; fileEncoding = 4; lastKnownFileType = sourcecode.c.objc; path = LXMCustomNavigationBar.m; sourceTree = "<group>"; };
		18C6C81124CFB0630040DCA1 /* LXMVoiceView.h */ = {isa = PBXFileReference; lastKnownFileType = sourcecode.c.h; path = LXMVoiceView.h; sourceTree = "<group>"; };
		18C6C81224CFB0630040DCA1 /* LXMVoiceView.m */ = {isa = PBXFileReference; lastKnownFileType = sourcecode.c.objc; path = LXMVoiceView.m; sourceTree = "<group>"; };
		9D2CA4E2A23FCEAC3E039F46 /* Pods-LXMPageVIew.debug.xcconfig */ = {isa = PBXFileReference; includeInIndex = 1; lastKnownFileType = text.xcconfig; name = "Pods-LXMPageVIew.debug.xcconfig"; path = "Target Support Files/Pods-LXMPageVIew/Pods-LXMPageVIew.debug.xcconfig"; sourceTree = "<group>"; };
		FC4EB115923D6C51034141B2 /* Pods-LXMPageVIew.release.xcconfig */ = {isa = PBXFileReference; includeInIndex = 1; lastKnownFileType = text.xcconfig; name = "Pods-LXMPageVIew.release.xcconfig"; path = "Target Support Files/Pods-LXMPageVIew/Pods-LXMPageVIew.release.xcconfig"; sourceTree = "<group>"; };
/* End PBXFileReference section */

/* Begin PBXFrameworksBuildPhase section */
		182C25FD24650E0300ED4EDE /* Frameworks */ = {
			isa = PBXFrameworksBuildPhase;
			buildActionMask = 2147483647;
			files = (
				930C273055F6521CFF58398B /* libPods-LXMPageVIew.a in Frameworks */,
			);
			runOnlyForDeploymentPostprocessing = 0;
		};
		182C261824650E0400ED4EDE /* Frameworks */ = {
			isa = PBXFrameworksBuildPhase;
			buildActionMask = 2147483647;
			files = (
			);
			runOnlyForDeploymentPostprocessing = 0;
		};
		182C262324650E0400ED4EDE /* Frameworks */ = {
			isa = PBXFrameworksBuildPhase;
			buildActionMask = 2147483647;
			files = (
			);
			runOnlyForDeploymentPostprocessing = 0;
		};
/* End PBXFrameworksBuildPhase section */

/* Begin PBXGroup section */
		0B45269D84990C2286392995 /* Pods */ = {
			isa = PBXGroup;
			children = (
				9D2CA4E2A23FCEAC3E039F46 /* Pods-LXMPageVIew.debug.xcconfig */,
				FC4EB115923D6C51034141B2 /* Pods-LXMPageVIew.release.xcconfig */,
			);
			path = Pods;
			sourceTree = "<group>";
		};
		180032AB251EEC310015055B /* waterFlow */ = {
			isa = PBXGroup;
			children = (
				180032AC251EEC310015055B /* LMHWaterFallController.h */,
				180032B7251EEC310015055B /* LMHWaterFallController.m */,
				180032AD251EEC310015055B /* shops */,
				180032B4251EEC310015055B /* WaterFallLayout */,
			);
			path = waterFlow;
			sourceTree = "<group>";
		};
		180032AD251EEC310015055B /* shops */ = {
			isa = PBXGroup;
			children = (
				180032AE251EEC310015055B /* LMHShop.h */,
				180032AF251EEC310015055B /* LMHShopCell.m */,
				180032B0251EEC310015055B /* shop.plist */,
				180032B1251EEC310015055B /* LMHShop.m */,
				180032B2251EEC310015055B /* LMHShopCell.h */,
				180032B3251EEC310015055B /* LMHShopCell.xib */,
			);
			path = shops;
			sourceTree = "<group>";
		};
		180032B4251EEC310015055B /* WaterFallLayout */ = {
			isa = PBXGroup;
			children = (
				180032B5251EEC310015055B /* LMHWaterFallLayout.h */,
				180032B6251EEC310015055B /* LMHWaterFallLayout.m */,
			);
			path = WaterFallLayout;
			sourceTree = "<group>";
		};
		1816E3822562525B00C9C8CD /* LKDirectionButton */ = {
			isa = PBXGroup;
			children = (
				1816E3832562525B00C9C8CD /* LKTabbarButton.h */,
				1816E3842562525B00C9C8CD /* LKTabbarButton.m */,
				1816E3862562527A00C9C8CD /* LKDirectionButtonViewController.h */,
				1816E3872562527A00C9C8CD /* LKDirectionButtonViewController.m */,
			);
			path = LKDirectionButton;
			sourceTree = "<group>";
		};
		182C25F724650E0300ED4EDE = {
			isa = PBXGroup;
			children = (
				182C26532466AFF600ED4EDE /* image */,
				182C260224650E0300ED4EDE /* LXMPageVIew */,
				182C261E24650E0400ED4EDE /* LXMPageVIewTests */,
				182C262924650E0400ED4EDE /* LXMPageVIewUITests */,
				182C260124650E0300ED4EDE /* Products */,
				0B45269D84990C2286392995 /* Pods */,
				2E47E7760E0E7EE5F8512FF4 /* Frameworks */,
			);
			sourceTree = "<group>";
		};
		182C260124650E0300ED4EDE /* Products */ = {
			isa = PBXGroup;
			children = (
				182C260024650E0300ED4EDE /* LXMPageVIew.app */,
				182C261B24650E0400ED4EDE /* LXMPageVIewTests.xctest */,
				182C262624650E0400ED4EDE /* LXMPageVIewUITests.xctest */,
			);
			name = Products;
			sourceTree = "<group>";
		};
		182C260224650E0300ED4EDE /* LXMPageVIew */ = {
			isa = PBXGroup;
			children = (
				182C260324650E0300ED4EDE /* AppDelegate.h */,
				182C260424650E0300ED4EDE /* AppDelegate.m */,
				182C260624650E0300ED4EDE /* SceneDelegate.h */,
				182C260724650E0300ED4EDE /* SceneDelegate.m */,
				18C6B2BB251C79950003E3D4 /* TRViewController.h */,
				18C6B2BC251C79950003E3D4 /* TRViewController.m */,
				1816E3822562525B00C9C8CD /* LKDirectionButton */,
				180032AB251EEC310015055B /* waterFlow */,
				18C6B2C4251C7C020003E3D4 /* pageView */,
				18A13C11251B507B001A5751 /* UIBezierPath */,
				18C6C81024CFB02F0040DCA1 /* voiceView */,
				182C26802476822600ED4EDE /* ViewUtils */,
				182C2679246CDEBA00ED4EDE /* LXMCycleScrollView */,
				182C263C2465277600ED4EDE /* LXM-PrefixHeader.pch */,
				182C265F246BBFFF00ED4EDE /* SDCycleScrollView */,
				182C260C24650E0300ED4EDE /* Main.storyboard */,
				182C260F24650E0400ED4EDE /* Assets.xcassets */,
				182C261124650E0400ED4EDE /* LaunchScreen.storyboard */,
				182C261424650E0400ED4EDE /* Info.plist */,
				182C261524650E0400ED4EDE /* main.m */,
			);
			path = LXMPageVIew;
			sourceTree = "<group>";
		};
		182C261E24650E0400ED4EDE /* LXMPageVIewTests */ = {
			isa = PBXGroup;
			children = (
				182C261F24650E0400ED4EDE /* LXMPageVIewTests.m */,
				182C262124650E0400ED4EDE /* Info.plist */,
			);
			path = LXMPageVIewTests;
			sourceTree = "<group>";
		};
		182C262924650E0400ED4EDE /* LXMPageVIewUITests */ = {
			isa = PBXGroup;
			children = (
				182C262A24650E0400ED4EDE /* LXMPageVIewUITests.m */,
				182C262C24650E0400ED4EDE /* Info.plist */,
			);
			path = LXMPageVIewUITests;
			sourceTree = "<group>";
		};
		182C26532466AFF600ED4EDE /* image */ = {
			isa = PBXGroup;
			children = (
				182C26542466AFF600ED4EDE /* img2.jpg */,
				182C26552466AFF600ED4EDE /* img1.jpg */,
			);
			path = image;
			sourceTree = "<group>";
		};
		182C265F246BBFFF00ED4EDE /* SDCycleScrollView */ = {
			isa = PBXGroup;
			children = (
				182C2666246BBFFF00ED4EDE /* PageControl */,
				182C2662246BBFFF00ED4EDE /* SDCollectionViewCell.h */,
				182C2665246BBFFF00ED4EDE /* SDCollectionViewCell.m */,
				182C2661246BBFFF00ED4EDE /* SDCycleScrollView.h */,
				182C2663246BBFFF00ED4EDE /* SDCycleScrollView.m */,
				182C2660246BBFFF00ED4EDE /* UIView+SDExtension.h */,
				182C2664246BBFFF00ED4EDE /* UIView+SDExtension.m */,
			);
			path = SDCycleScrollView;
			sourceTree = "<group>";
		};
		182C2666246BBFFF00ED4EDE /* PageControl */ = {
			isa = PBXGroup;
			children = (
				182C2667246BBFFF00ED4EDE /* TAAbstractDotView.h */,
				182C266B246BBFFF00ED4EDE /* TAAbstractDotView.m */,
				182C266D246BBFFF00ED4EDE /* TAAnimatedDotView.h */,
				182C266A246BBFFF00ED4EDE /* TAAnimatedDotView.m */,
				182C266C246BBFFF00ED4EDE /* TADotView.h */,
				182C2668246BBFFF00ED4EDE /* TADotView.m */,
				182C266E246BBFFF00ED4EDE /* TAPageControl.h */,
				182C2669246BBFFF00ED4EDE /* TAPageControl.m */,
			);
			path = PageControl;
			sourceTree = "<group>";
		};
		182C2679246CDEBA00ED4EDE /* LXMCycleScrollView */ = {
			isa = PBXGroup;
			children = (
				182C267A246CDEBA00ED4EDE /* LXMBannerView.h */,
				182C267B246CDEBA00ED4EDE /* LXMBannerCollectionViewCell.m */,
				182C267C246CDEBA00ED4EDE /* LXMBannerCollectionViewCell.h */,
				182C267D246CDEBA00ED4EDE /* LXMBannerView.m */,
			);
			path = LXMCycleScrollView;
			sourceTree = "<group>";
		};
		182C26802476822600ED4EDE /* ViewUtils */ = {
			isa = PBXGroup;
			children = (
				182C2681247683AF00ED4EDE /* UIView+Radius.h */,
				182C2682247683AF00ED4EDE /* UIView+Radius.m */,
				182C26842476891900ED4EDE /* MCBlur */,
			);
			path = ViewUtils;
			sourceTree = "<group>";
		};
		182C26842476891900ED4EDE /* MCBlur */ = {
			isa = PBXGroup;
			children = (
				182C26852476891900ED4EDE /* UIImage+FEBoxBlur.h */,
				182C26862476891900ED4EDE /* UIImage+FEBoxBlur.m */,
			);
			path = MCBlur;
			sourceTree = "<group>";
		};
		18A13C11251B507B001A5751 /* UIBezierPath */ = {
			isa = PBXGroup;
			children = (
				18A13C12251B509E001A5751 /* LXMArrowView.h */,
				18A13C13251B509E001A5751 /* LXMArrowView.m */,
				18C6B2BE251C7AC70003E3D4 /* LXMArrowViewController.h */,
				18C6B2BF251C7AC70003E3D4 /* LXMArrowViewController.m */,
			);
			path = UIBezierPath;
			sourceTree = "<group>";
		};
		18C6B2C4251C7C020003E3D4 /* pageView */ = {
			isa = PBXGroup;
			children = (
				18C6B2D4251C7C020003E3D4 /* LXMCustomNavigationBar */,
				18C6B2C9251C7C020003E3D4 /* LXMNestView */,
				18C6B2C5251C7C020003E3D4 /* LXMPageView */,
				18C6B2D0251C7C020003E3D4 /* LXMPageViewController.h */,
				18C6B2C8251C7C020003E3D4 /* LXMPageViewController.m */,
				18C6B2D1251C7C020003E3D4 /* LXMSegmentView */,
			);
			path = pageView;
			sourceTree = "<group>";
		};
		18C6B2C5251C7C020003E3D4 /* LXMPageView */ = {
			isa = PBXGroup;
			children = (
				18C6B2C6251C7C020003E3D4 /* LXMPageView.m */,
				18C6B2C7251C7C020003E3D4 /* LXMPageView.h */,
			);
			path = LXMPageView;
			sourceTree = "<group>";
		};
		18C6B2C9251C7C020003E3D4 /* LXMNestView */ = {
			isa = PBXGroup;
			children = (
				18C6B2CA251C7C020003E3D4 /* LXMNestView.m */,
				18C6B2CB251C7C020003E3D4 /* LXMNestTableView.h */,
				18C6B2CC251C7C020003E3D4 /* UIScrollView+ScrollAble.m */,
				18C6B2CD251C7C020003E3D4 /* LXMNestView.h */,
				18C6B2CE251C7C020003E3D4 /* UIScrollView+ScrollAble.h */,
				18C6B2CF251C7C020003E3D4 /* LXMNestTableView.m */,
			);
			path = LXMNestView;
			sourceTree = "<group>";
		};
		18C6B2D1251C7C020003E3D4 /* LXMSegmentView */ = {
			isa = PBXGroup;
			children = (
				18C6B2D2251C7C020003E3D4 /* LXMSegmentView.h */,
				18C6B2D3251C7C020003E3D4 /* LXMSegmentView.m */,
			);
			path = LXMSegmentView;
			sourceTree = "<group>";
		};
		18C6B2D4251C7C020003E3D4 /* LXMCustomNavigationBar */ = {
			isa = PBXGroup;
			children = (
				18C6B2D5251C7C020003E3D4 /* LXMCustomNavigationBar.h */,
				18C6B2D6251C7C020003E3D4 /* LXMCustomNavigationBar.m */,
			);
			path = LXMCustomNavigationBar;
			sourceTree = "<group>";
		};
		18C6C81024CFB02F0040DCA1 /* voiceView */ = {
			isa = PBXGroup;
			children = (
				18C6C81124CFB0630040DCA1 /* LXMVoiceView.h */,
				18C6C81224CFB0630040DCA1 /* LXMVoiceView.m */,
				18C6B2C1251C7AEC0003E3D4 /* LXMVoiceViewController.h */,
				18C6B2C2251C7AEC0003E3D4 /* LXMVoiceViewController.m */,
			);
			path = voiceView;
			sourceTree = "<group>";
		};
		2E47E7760E0E7EE5F8512FF4 /* Frameworks */ = {
			isa = PBXGroup;
			children = (
				0ECD3A9A183C62D01CF2C472 /* libPods-LXMPageVIew.a */,
			);
			name = Frameworks;
			sourceTree = "<group>";
		};
/* End PBXGroup section */

/* Begin PBXNativeTarget section */
		182C25FF24650E0300ED4EDE /* LXMPageVIew */ = {
			isa = PBXNativeTarget;
			buildConfigurationList = 182C262F24650E0500ED4EDE /* Build configuration list for PBXNativeTarget "LXMPageVIew" */;
			buildPhases = (
				19694353902420D1EC63D62D /* [CP] Check Pods Manifest.lock */,
				182C25FC24650E0300ED4EDE /* Sources */,
				182C25FD24650E0300ED4EDE /* Frameworks */,
				182C25FE24650E0300ED4EDE /* Resources */,
				DA990058BBB2BEB19BE2DD94 /* [CP] Copy Pods Resources */,
			);
			buildRules = (
			);
			dependencies = (
			);
			name = LXMPageVIew;
			productName = LXMPageVIew;
			productReference = 182C260024650E0300ED4EDE /* LXMPageVIew.app */;
			productType = "com.apple.product-type.application";
		};
		182C261A24650E0400ED4EDE /* LXMPageVIewTests */ = {
			isa = PBXNativeTarget;
			buildConfigurationList = 182C263224650E0500ED4EDE /* Build configuration list for PBXNativeTarget "LXMPageVIewTests" */;
			buildPhases = (
				182C261724650E0400ED4EDE /* Sources */,
				182C261824650E0400ED4EDE /* Frameworks */,
				182C261924650E0400ED4EDE /* Resources */,
			);
			buildRules = (
			);
			dependencies = (
				182C261D24650E0400ED4EDE /* PBXTargetDependency */,
			);
			name = LXMPageVIewTests;
			productName = LXMPageVIewTests;
			productReference = 182C261B24650E0400ED4EDE /* LXMPageVIewTests.xctest */;
			productType = "com.apple.product-type.bundle.unit-test";
		};
		182C262524650E0400ED4EDE /* LXMPageVIewUITests */ = {
			isa = PBXNativeTarget;
			buildConfigurationList = 182C263524650E0500ED4EDE /* Build configuration list for PBXNativeTarget "LXMPageVIewUITests" */;
			buildPhases = (
				182C262224650E0400ED4EDE /* Sources */,
				182C262324650E0400ED4EDE /* Frameworks */,
				182C262424650E0400ED4EDE /* Resources */,
			);
			buildRules = (
			);
			dependencies = (
				182C262824650E0400ED4EDE /* PBXTargetDependency */,
			);
			name = LXMPageVIewUITests;
			productName = LXMPageVIewUITests;
			productReference = 182C262624650E0400ED4EDE /* LXMPageVIewUITests.xctest */;
			productType = "com.apple.product-type.bundle.ui-testing";
		};
/* End PBXNativeTarget section */

/* Begin PBXProject section */
		182C25F824650E0300ED4EDE /* Project object */ = {
			isa = PBXProject;
			attributes = {
				LastUpgradeCheck = 1130;
				ORGANIZATIONNAME = jason;
				TargetAttributes = {
					182C25FF24650E0300ED4EDE = {
						CreatedOnToolsVersion = 11.3;
					};
					182C261A24650E0400ED4EDE = {
						CreatedOnToolsVersion = 11.3;
						TestTargetID = 182C25FF24650E0300ED4EDE;
					};
					182C262524650E0400ED4EDE = {
						CreatedOnToolsVersion = 11.3;
						TestTargetID = 182C25FF24650E0300ED4EDE;
					};
				};
			};
			buildConfigurationList = 182C25FB24650E0300ED4EDE /* Build configuration list for PBXProject "LXMPageVIew" */;
			compatibilityVersion = "Xcode 9.3";
			developmentRegion = en;
			hasScannedForEncodings = 0;
			knownRegions = (
				en,
				Base,
			);
			mainGroup = 182C25F724650E0300ED4EDE;
			productRefGroup = 182C260124650E0300ED4EDE /* Products */;
			projectDirPath = "";
			projectRoot = "";
			targets = (
				182C25FF24650E0300ED4EDE /* LXMPageVIew */,
				182C261A24650E0400ED4EDE /* LXMPageVIewTests */,
				182C262524650E0400ED4EDE /* LXMPageVIewUITests */,
			);
		};
/* End PBXProject section */

/* Begin PBXResourcesBuildPhase section */
		182C25FE24650E0300ED4EDE /* Resources */ = {
			isa = PBXResourcesBuildPhase;
			buildActionMask = 2147483647;
			files = (
				182C261324650E0400ED4EDE /* LaunchScreen.storyboard in Resources */,
				182C26572466AFF600ED4EDE /* img1.jpg in Resources */,
				180032B9251EEC310015055B /* shop.plist in Resources */,
				182C261024650E0400ED4EDE /* Assets.xcassets in Resources */,
				182C26562466AFF600ED4EDE /* img2.jpg in Resources */,
				180032BB251EEC310015055B /* LMHShopCell.xib in Resources */,
				182C260E24650E0300ED4EDE /* Main.storyboard in Resources */,
			);
			runOnlyForDeploymentPostprocessing = 0;
		};
		182C261924650E0400ED4EDE /* Resources */ = {
			isa = PBXResourcesBuildPhase;
			buildActionMask = 2147483647;
			files = (
			);
			runOnlyForDeploymentPostprocessing = 0;
		};
		182C262424650E0400ED4EDE /* Resources */ = {
			isa = PBXResourcesBuildPhase;
			buildActionMask = 2147483647;
			files = (
			);
			runOnlyForDeploymentPostprocessing = 0;
		};
/* End PBXResourcesBuildPhase section */

/* Begin PBXShellScriptBuildPhase section */
		19694353902420D1EC63D62D /* [CP] Check Pods Manifest.lock */ = {
			isa = PBXShellScriptBuildPhase;
			buildActionMask = 2147483647;
			files = (
			);
			inputFileListPaths = (
			);
			inputPaths = (
				"${PODS_PODFILE_DIR_PATH}/Podfile.lock",
				"${PODS_ROOT}/Manifest.lock",
			);
			name = "[CP] Check Pods Manifest.lock";
			outputFileListPaths = (
			);
			outputPaths = (
				"$(DERIVED_FILE_DIR)/Pods-LXMPageVIew-checkManifestLockResult.txt",
			);
			runOnlyForDeploymentPostprocessing = 0;
			shellPath = /bin/sh;
			shellScript = "diff \"${PODS_PODFILE_DIR_PATH}/Podfile.lock\" \"${PODS_ROOT}/Manifest.lock\" > /dev/null\nif [ $? != 0 ] ; then\n    # print error to STDERR\n    echo \"error: The sandbox is not in sync with the Podfile.lock. Run 'pod install' or update your CocoaPods installation.\" >&2\n    exit 1\nfi\n# This output is used by Xcode 'outputs' to avoid re-running this script phase.\necho \"SUCCESS\" > \"${SCRIPT_OUTPUT_FILE_0}\"\n";
			showEnvVarsInLog = 0;
		};
		DA990058BBB2BEB19BE2DD94 /* [CP] Copy Pods Resources */ = {
			isa = PBXShellScriptBuildPhase;
			buildActionMask = 2147483647;
			files = (
			);
			inputFileListPaths = (
				"${PODS_ROOT}/Target Support Files/Pods-LXMPageVIew/Pods-LXMPageVIew-resources-${CONFIGURATION}-input-files.xcfilelist",
			);
			name = "[CP] Copy Pods Resources";
			outputFileListPaths = (
				"${PODS_ROOT}/Target Support Files/Pods-LXMPageVIew/Pods-LXMPageVIew-resources-${CONFIGURATION}-output-files.xcfilelist",
			);
			runOnlyForDeploymentPostprocessing = 0;
			shellPath = /bin/sh;
			shellScript = "\"${PODS_ROOT}/Target Support Files/Pods-LXMPageVIew/Pods-LXMPageVIew-resources.sh\"\n";
			showEnvVarsInLog = 0;
		};
/* End PBXShellScriptBuildPhase section */

/* Begin PBXSourcesBuildPhase section */
		182C25FC24650E0300ED4EDE /* Sources */ = {
			isa = PBXSourcesBuildPhase;
			buildActionMask = 2147483647;
			files = (
				18C6C81324CFB0630040DCA1 /* LXMVoiceView.m in Sources */,
				18C6B2D8251C7C020003E3D4 /* LXMPageViewController.m in Sources */,
				18C6B2DD251C7C020003E3D4 /* LXMCustomNavigationBar.m in Sources */,
				180032BA251EEC310015055B /* LMHShop.m in Sources */,
				18C6B2D7251C7C020003E3D4 /* LXMPageView.m in Sources */,
				18C6B2DB251C7C020003E3D4 /* LXMNestTableView.m in Sources */,
				18C6B2BD251C79950003E3D4 /* TRViewController.m in Sources */,
				182C260524650E0300ED4EDE /* AppDelegate.m in Sources */,
				182C267E246CDEBB00ED4EDE /* LXMBannerCollectionViewCell.m in Sources */,
				1816E3852562525B00C9C8CD /* LKTabbarButton.m in Sources */,
				18C6B2DC251C7C020003E3D4 /* LXMSegmentView.m in Sources */,
				180032BD251EEC310015055B /* LMHWaterFallController.m in Sources */,
				18A13C14251B509E001A5751 /* LXMArrowView.m in Sources */,
				1816E3882562527A00C9C8CD /* LKDirectionButtonViewController.m in Sources */,
				182C2675246BBFFF00ED4EDE /* TAAbstractDotView.m in Sources */,
				18C6B2DA251C7C020003E3D4 /* UIScrollView+ScrollAble.m in Sources */,
				182C266F246BBFFF00ED4EDE /* SDCycleScrollView.m in Sources */,
				182C2670246BBFFF00ED4EDE /* UIView+SDExtension.m in Sources */,
				182C2674246BBFFF00ED4EDE /* TAAnimatedDotView.m in Sources */,
				182C2671246BBFFF00ED4EDE /* SDCollectionViewCell.m in Sources */,
				18C6B2D9251C7C020003E3D4 /* LXMNestView.m in Sources */,
				182C261624650E0400ED4EDE /* main.m in Sources */,
				180032BC251EEC310015055B /* LMHWaterFallLayout.m in Sources */,
				182C267F246CDEBB00ED4EDE /* LXMBannerView.m in Sources */,
				182C2673246BBFFF00ED4EDE /* TAPageControl.m in Sources */,
				182C260824650E0300ED4EDE /* SceneDelegate.m in Sources */,
				180032B8251EEC310015055B /* LMHShopCell.m in Sources */,
				182C2672246BBFFF00ED4EDE /* TADotView.m in Sources */,
				182C2683247683AF00ED4EDE /* UIView+Radius.m in Sources */,
				18C6B2C0251C7AC70003E3D4 /* LXMArrowViewController.m in Sources */,
				182C26872476891900ED4EDE /* UIImage+FEBoxBlur.m in Sources */,
				18C6B2C3251C7AEC0003E3D4 /* LXMVoiceViewController.m in Sources */,
			);
			runOnlyForDeploymentPostprocessing = 0;
		};
		182C261724650E0400ED4EDE /* Sources */ = {
			isa = PBXSourcesBuildPhase;
			buildActionMask = 2147483647;
			files = (
				182C262024650E0400ED4EDE /* LXMPageVIewTests.m in Sources */,
			);
			runOnlyForDeploymentPostprocessing = 0;
		};
		182C262224650E0400ED4EDE /* Sources */ = {
			isa = PBXSourcesBuildPhase;
			buildActionMask = 2147483647;
			files = (
				182C262B24650E0400ED4EDE /* LXMPageVIewUITests.m in Sources */,
			);
			runOnlyForDeploymentPostprocessing = 0;
		};
/* End PBXSourcesBuildPhase section */

/* Begin PBXTargetDependency section */
		182C261D24650E0400ED4EDE /* PBXTargetDependency */ = {
			isa = PBXTargetDependency;
			target = 182C25FF24650E0300ED4EDE /* LXMPageVIew */;
			targetProxy = 182C261C24650E0400ED4EDE /* PBXContainerItemProxy */;
		};
		182C262824650E0400ED4EDE /* PBXTargetDependency */ = {
			isa = PBXTargetDependency;
			target = 182C25FF24650E0300ED4EDE /* LXMPageVIew */;
			targetProxy = 182C262724650E0400ED4EDE /* PBXContainerItemProxy */;
		};
/* End PBXTargetDependency section */

/* Begin PBXVariantGroup section */
		182C260C24650E0300ED4EDE /* Main.storyboard */ = {
			isa = PBXVariantGroup;
			children = (
				182C260D24650E0300ED4EDE /* Base */,
			);
			name = Main.storyboard;
			sourceTree = "<group>";
		};
		182C261124650E0400ED4EDE /* LaunchScreen.storyboard */ = {
			isa = PBXVariantGroup;
			children = (
				182C261224650E0400ED4EDE /* Base */,
			);
			name = LaunchScreen.storyboard;
			sourceTree = "<group>";
		};
/* End PBXVariantGroup section */

/* Begin XCBuildConfiguration section */
		182C262D24650E0500ED4EDE /* Debug */ = {
			isa = XCBuildConfiguration;
			buildSettings = {
				ALWAYS_SEARCH_USER_PATHS = NO;
				CLANG_ANALYZER_NONNULL = YES;
				CLANG_ANALYZER_NUMBER_OBJECT_CONVERSION = YES_AGGRESSIVE;
				CLANG_CXX_LANGUAGE_STANDARD = "gnu++14";
				CLANG_CXX_LIBRARY = "libc++";
				CLANG_ENABLE_MODULES = YES;
				CLANG_ENABLE_OBJC_ARC = YES;
				CLANG_ENABLE_OBJC_WEAK = YES;
				CLANG_WARN_BLOCK_CAPTURE_AUTORELEASING = YES;
				CLANG_WARN_BOOL_CONVERSION = YES;
				CLANG_WARN_COMMA = YES;
				CLANG_WARN_CONSTANT_CONVERSION = YES;
				CLANG_WARN_DEPRECATED_OBJC_IMPLEMENTATIONS = YES;
				CLANG_WARN_DIRECT_OBJC_ISA_USAGE = YES_ERROR;
				CLANG_WARN_DOCUMENTATION_COMMENTS = YES;
				CLANG_WARN_EMPTY_BODY = YES;
				CLANG_WARN_ENUM_CONVERSION = YES;
				CLANG_WARN_INFINITE_RECURSION = YES;
				CLANG_WARN_INT_CONVERSION = YES;
				CLANG_WARN_NON_LITERAL_NULL_CONVERSION = YES;
				CLANG_WARN_OBJC_IMPLICIT_RETAIN_SELF = YES;
				CLANG_WARN_OBJC_LITERAL_CONVERSION = YES;
				CLANG_WARN_OBJC_ROOT_CLASS = YES_ERROR;
				CLANG_WARN_RANGE_LOOP_ANALYSIS = YES;
				CLANG_WARN_STRICT_PROTOTYPES = YES;
				CLANG_WARN_SUSPICIOUS_MOVE = YES;
				CLANG_WARN_UNGUARDED_AVAILABILITY = YES_AGGRESSIVE;
				CLANG_WARN_UNREACHABLE_CODE = YES;
				CLANG_WARN__DUPLICATE_METHOD_MATCH = YES;
				COPY_PHASE_STRIP = NO;
				DEBUG_INFORMATION_FORMAT = dwarf;
				ENABLE_STRICT_OBJC_MSGSEND = YES;
				ENABLE_TESTABILITY = YES;
				GCC_C_LANGUAGE_STANDARD = gnu11;
				GCC_DYNAMIC_NO_PIC = NO;
				GCC_NO_COMMON_BLOCKS = YES;
				GCC_OPTIMIZATION_LEVEL = 0;
				GCC_PREPROCESSOR_DEFINITIONS = (
					"DEBUG=1",
					"$(inherited)",
				);
				GCC_WARN_64_TO_32_BIT_CONVERSION = YES;
				GCC_WARN_ABOUT_RETURN_TYPE = YES_ERROR;
				GCC_WARN_UNDECLARED_SELECTOR = YES;
				GCC_WARN_UNINITIALIZED_AUTOS = YES_AGGRESSIVE;
				GCC_WARN_UNUSED_FUNCTION = YES;
				GCC_WARN_UNUSED_VARIABLE = YES;
				IPHONEOS_DEPLOYMENT_TARGET = 13.2;
				MTL_ENABLE_DEBUG_INFO = INCLUDE_SOURCE;
				MTL_FAST_MATH = YES;
				ONLY_ACTIVE_ARCH = YES;
				SDKROOT = iphoneos;
			};
			name = Debug;
		};
		182C262E24650E0500ED4EDE /* Release */ = {
			isa = XCBuildConfiguration;
			buildSettings = {
				ALWAYS_SEARCH_USER_PATHS = NO;
				CLANG_ANALYZER_NONNULL = YES;
				CLANG_ANALYZER_NUMBER_OBJECT_CONVERSION = YES_AGGRESSIVE;
				CLANG_CXX_LANGUAGE_STANDARD = "gnu++14";
				CLANG_CXX_LIBRARY = "libc++";
				CLANG_ENABLE_MODULES = YES;
				CLANG_ENABLE_OBJC_ARC = YES;
				CLANG_ENABLE_OBJC_WEAK = YES;
				CLANG_WARN_BLOCK_CAPTURE_AUTORELEASING = YES;
				CLANG_WARN_BOOL_CONVERSION = YES;
				CLANG_WARN_COMMA = YES;
				CLANG_WARN_CONSTANT_CONVERSION = YES;
				CLANG_WARN_DEPRECATED_OBJC_IMPLEMENTATIONS = YES;
				CLANG_WARN_DIRECT_OBJC_ISA_USAGE = YES_ERROR;
				CLANG_WARN_DOCUMENTATION_COMMENTS = YES;
				CLANG_WARN_EMPTY_BODY = YES;
				CLANG_WARN_ENUM_CONVERSION = YES;
				CLANG_WARN_INFINITE_RECURSION = YES;
				CLANG_WARN_INT_CONVERSION = YES;
				CLANG_WARN_NON_LITERAL_NULL_CONVERSION = YES;
				CLANG_WARN_OBJC_IMPLICIT_RETAIN_SELF = YES;
				CLANG_WARN_OBJC_LITERAL_CONVERSION = YES;
				CLANG_WARN_OBJC_ROOT_CLASS = YES_ERROR;
				CLANG_WARN_RANGE_LOOP_ANALYSIS = YES;
				CLANG_WARN_STRICT_PROTOTYPES = YES;
				CLANG_WARN_SUSPICIOUS_MOVE = YES;
				CLANG_WARN_UNGUARDED_AVAILABILITY = YES_AGGRESSIVE;
				CLANG_WARN_UNREACHABLE_CODE = YES;
				CLANG_WARN__DUPLICATE_METHOD_MATCH = YES;
				COPY_PHASE_STRIP = NO;
				DEBUG_INFORMATION_FORMAT = "dwarf-with-dsym";
				ENABLE_NS_ASSERTIONS = NO;
				ENABLE_STRICT_OBJC_MSGSEND = YES;
				GCC_C_LANGUAGE_STANDARD = gnu11;
				GCC_NO_COMMON_BLOCKS = YES;
				GCC_WARN_64_TO_32_BIT_CONVERSION = YES;
				GCC_WARN_ABOUT_RETURN_TYPE = YES_ERROR;
				GCC_WARN_UNDECLARED_SELECTOR = YES;
				GCC_WARN_UNINITIALIZED_AUTOS = YES_AGGRESSIVE;
				GCC_WARN_UNUSED_FUNCTION = YES;
				GCC_WARN_UNUSED_VARIABLE = YES;
				IPHONEOS_DEPLOYMENT_TARGET = 13.2;
				MTL_ENABLE_DEBUG_INFO = NO;
				MTL_FAST_MATH = YES;
				SDKROOT = iphoneos;
				VALIDATE_PRODUCT = YES;
			};
			name = Release;
		};
		182C263024650E0500ED4EDE /* Debug */ = {
			isa = XCBuildConfiguration;
			baseConfigurationReference = 9D2CA4E2A23FCEAC3E039F46 /* Pods-LXMPageVIew.debug.xcconfig */;
			buildSettings = {
				ASSETCATALOG_COMPILER_APPICON_NAME = AppIcon;
				CODE_SIGN_IDENTITY = "iPhone Developer";
				CODE_SIGN_STYLE = Manual;
				DEVELOPMENT_TEAM = G38AKGN648;
				GCC_PREFIX_HEADER = "$(SRCROOT)/LXMPageView/LXM-PrefixHeader.pch";
				INFOPLIST_FILE = LXMPageVIew/Info.plist;
				LD_RUNPATH_SEARCH_PATHS = (
					"$(inherited)",
					"@executable_path/Frameworks",
				);
				PRODUCT_BUNDLE_IDENTIFIER = com.yqs.com.LXMPageVIew;
				PRODUCT_NAME = "$(TARGET_NAME)";
				PROVISIONING_PROFILE_SPECIFIER = dev_all_28;
				SUPPORTED_PLATFORMS = "iphonesimulator iphoneos";
				TARGETED_DEVICE_FAMILY = "1,2";
			};
			name = Debug;
		};
		182C263124650E0500ED4EDE /* Release */ = {
			isa = XCBuildConfiguration;
			baseConfigurationReference = FC4EB115923D6C51034141B2 /* Pods-LXMPageVIew.release.xcconfig */;
			buildSettings = {
				ASSETCATALOG_COMPILER_APPICON_NAME = AppIcon;
				CODE_SIGN_IDENTITY = "iPhone Developer";
				CODE_SIGN_STYLE = Manual;
				DEVELOPMENT_TEAM = G38AKGN648;
				GCC_PREFIX_HEADER = "$(SRCROOT)/LXMPageView/LXM-PrefixHeader.pch";
				INFOPLIST_FILE = LXMPageVIew/Info.plist;
				LD_RUNPATH_SEARCH_PATHS = (
					"$(inherited)",
					"@executable_path/Frameworks",
				);
				PRODUCT_BUNDLE_IDENTIFIER = com.yqs.com.LXMPageVIew;
				PRODUCT_NAME = "$(TARGET_NAME)";
				PROVISIONING_PROFILE_SPECIFIER = dev_all_28;
				SUPPORTED_PLATFORMS = "iphonesimulator iphoneos";
				TARGETED_DEVICE_FAMILY = "1,2";
			};
			name = Release;
		};
		182C263324650E0500ED4EDE /* Debug */ = {
			isa = XCBuildConfiguration;
			buildSettings = {
				BUNDLE_LOADER = "$(TEST_HOST)";
				CODE_SIGN_STYLE = Automatic;
				INFOPLIST_FILE = LXMPageVIewTests/Info.plist;
				IPHONEOS_DEPLOYMENT_TARGET = 13.2;
				LD_RUNPATH_SEARCH_PATHS = (
					"$(inherited)",
					"@executable_path/Frameworks",
					"@loader_path/Frameworks",
				);
				PRODUCT_BUNDLE_IDENTIFIER = com.yqs.com.LXMPageVIewTests;
				PRODUCT_NAME = "$(TARGET_NAME)";
				TARGETED_DEVICE_FAMILY = "1,2";
				TEST_HOST = "$(BUILT_PRODUCTS_DIR)/LXMPageVIew.app/LXMPageVIew";
			};
			name = Debug;
		};
		182C263424650E0500ED4EDE /* Release */ = {
			isa = XCBuildConfiguration;
			buildSettings = {
				BUNDLE_LOADER = "$(TEST_HOST)";
				CODE_SIGN_STYLE = Automatic;
				INFOPLIST_FILE = LXMPageVIewTests/Info.plist;
				IPHONEOS_DEPLOYMENT_TARGET = 13.2;
				LD_RUNPATH_SEARCH_PATHS = (
					"$(inherited)",
					"@executable_path/Frameworks",
					"@loader_path/Frameworks",
				);
				PRODUCT_BUNDLE_IDENTIFIER = com.yqs.com.LXMPageVIewTests;
				PRODUCT_NAME = "$(TARGET_NAME)";
				TARGETED_DEVICE_FAMILY = "1,2";
				TEST_HOST = "$(BUILT_PRODUCTS_DIR)/LXMPageVIew.app/LXMPageVIew";
			};
			name = Release;
		};
		182C263624650E0500ED4EDE /* Debug */ = {
			isa = XCBuildConfiguration;
			buildSettings = {
				CODE_SIGN_STYLE = Automatic;
				INFOPLIST_FILE = LXMPageVIewUITests/Info.plist;
				LD_RUNPATH_SEARCH_PATHS = (
					"$(inherited)",
					"@executable_path/Frameworks",
					"@loader_path/Frameworks",
				);
				PRODUCT_BUNDLE_IDENTIFIER = com.yqs.com.LXMPageVIewUITests;
				PRODUCT_NAME = "$(TARGET_NAME)";
				TARGETED_DEVICE_FAMILY = "1,2";
				TEST_TARGET_NAME = LXMPageVIew;
			};
			name = Debug;
		};
		182C263724650E0500ED4EDE /* Release */ = {
			isa = XCBuildConfiguration;
			buildSettings = {
				CODE_SIGN_STYLE = Automatic;
				INFOPLIST_FILE = LXMPageVIewUITests/Info.plist;
				LD_RUNPATH_SEARCH_PATHS = (
					"$(inherited)",
					"@executable_path/Frameworks",
					"@loader_path/Frameworks",
				);
				PRODUCT_BUNDLE_IDENTIFIER = com.yqs.com.LXMPageVIewUITests;
				PRODUCT_NAME = "$(TARGET_NAME)";
				TARGETED_DEVICE_FAMILY = "1,2";
				TEST_TARGET_NAME = LXMPageVIew;
			};
			name = Release;
		};
/* End XCBuildConfiguration section */

/* Begin XCConfigurationList section */
		182C25FB24650E0300ED4EDE /* Build configuration list for PBXProject "LXMPageVIew" */ = {
			isa = XCConfigurationList;
			buildConfigurations = (
				182C262D24650E0500ED4EDE /* Debug */,
				182C262E24650E0500ED4EDE /* Release */,
			);
			defaultConfigurationIsVisible = 0;
			defaultConfigurationName = Release;
		};
		182C262F24650E0500ED4EDE /* Build configuration list for PBXNativeTarget "LXMPageVIew" */ = {
			isa = XCConfigurationList;
			buildConfigurations = (
				182C263024650E0500ED4EDE /* Debug */,
				182C263124650E0500ED4EDE /* Release */,
			);
			defaultConfigurationIsVisible = 0;
			defaultConfigurationName = Release;
		};
		182C263224650E0500ED4EDE /* Build configuration list for PBXNativeTarget "LXMPageVIewTests" */ = {
			isa = XCConfigurationList;
			buildConfigurations = (
				182C263324650E0500ED4EDE /* Debug */,
				182C263424650E0500ED4EDE /* Release */,
			);
			defaultConfigurationIsVisible = 0;
			defaultConfigurationName = Release;
		};
		182C263524650E0500ED4EDE /* Build configuration list for PBXNativeTarget "LXMPageVIewUITests" */ = {
			isa = XCConfigurationList;
			buildConfigurations = (
				182C263624650E0500ED4EDE /* Debug */,
				182C263724650E0500ED4EDE /* Release */,
			);
			defaultConfigurationIsVisible = 0;
			defaultConfigurationName = Release;
		};
/* End XCConfigurationList section */
	};
	rootObject = 182C25F824650E0300ED4EDE /* Project object */;
}
